
Microsoft Visual Studio Solution File, Format Version 12.00
# Visual Studio Version 16
VisualStudioVersion = 25.0.1706.11
MinimumVisualStudioVersion = 10.0.40219.1
Project("{FAE04EC0-301F-11D3-BF4B-00C04F79EFBC}") = "OneToMany-task", "OneToMany-task\OneToMany-task.csproj", "{A00CB083-0542-4C6D-BAE1-6FE99B51208B}"
EndProject
Global
	GlobalSection(SolutionConfigurationPlatforms) = preSolution
		Debug|Any CPU = Debug|Any CPU
		Release|Any CPU = Release|Any CPU
	EndGlobalSection
	GlobalSection(ProjectConfigurationPlatforms) = postSolution
		{A00CB083-0542-4C6D-BAE1-6FE99B51208B}.Debug|Any CPU.ActiveCfg = Debug|Any CPU
		{A00CB083-0542-4C6D-BAE1-6FE99B51208B}.Debug|Any CPU.Build.0 = Debug|Any CPU
		{A00CB083-0542-4C6D-BAE1-6FE99B51208B}.Release|Any CPU.ActiveCfg = Release|Any CPU
		{A00CB083-0542-4C6D-BAE1-6FE99B51208B}.Release|Any CPU.Build.0 = Release|Any CPU
	EndGlobalSection
	GlobalSection(SolutionProperties) = preSolution
		HideSolutionNode = FALSE
	EndGlobalSection
	GlobalSection(ExtensibilityGlobals) = postSolution
		SolutionGuid = {DA32D123-1E19-4DD6-8A7D-ED19837336FF}
	EndGlobalSection
EndGlobal
